
Microsoft Visual Studio Solution File, Format Version 12.00
# Visual Studio Express 2013 for Web
VisualStudioVersion = 12.0.30501.0
MinimumVisualStudioVersion = 10.0.40219.1
Project("{FAE04EC0-301F-11D3-BF4B-00C04F79EFBC}") = "SampleConsole", "ConsoleApplication\SampleConsole.csproj", "{DE7B4B09-3CC0-4873-8994-8932BEC0CF3E}"
EndProject
Project("{FAE04EC0-301F-11D3-BF4B-00C04F79EFBC}") = "Repository", "ClassLibrary1\Repository.csproj", "{3E71CB3D-82D1-403C-B491-E196D4496705}"
EndProject
Project("{FAE04EC0-301F-11D3-BF4B-00C04F79EFBC}") = "Service", "ClassLibrary2\Service.csproj", "{E1B6491B-49EA-47A8-B7EF-2ED9EF08E432}"
EndProject
Global
	GlobalSection(SolutionConfigurationPlatforms) = preSolution
		Debug|Any CPU = Debug|Any CPU
		Debug|Mixed Platforms = Debug|Mixed Platforms
		Debug|x86 = Debug|x86
		Release|Any CPU = Release|Any CPU
		Release|Mixed Platforms = Release|Mixed Platforms
		Release|x86 = Release|x86
	EndGlobalSection
	GlobalSection(ProjectConfigurationPlatforms) = postSolution
		{DE7B4B09-3CC0-4873-8994-8932BEC0CF3E}.Debug|Any CPU.ActiveCfg = Debug|x86
		{DE7B4B09-3CC0-4873-8994-8932BEC0CF3E}.Debug|Mixed Platforms.ActiveCfg = Debug|x86
		{DE7B4B09-3CC0-4873-8994-8932BEC0CF3E}.Debug|Mixed Platforms.Build.0 = Debug|x86
		{DE7B4B09-3CC0-4873-8994-8932BEC0CF3E}.Debug|x86.ActiveCfg = Debug|x86
		{DE7B4B09-3CC0-4873-8994-8932BEC0CF3E}.Debug|x86.Build.0 = Debug|x86
		{DE7B4B09-3CC0-4873-8994-8932BEC0CF3E}.Release|Any CPU.ActiveCfg = Release|x86
		{DE7B4B09-3CC0-4873-8994-8932BEC0CF3E}.Release|Mixed Platforms.ActiveCfg = Release|x86
		{DE7B4B09-3CC0-4873-8994-8932BEC0CF3E}.Release|Mixed Platforms.Build.0 = Release|x86
		{DE7B4B09-3CC0-4873-8994-8932BEC0CF3E}.Release|x86.ActiveCfg = Release|x86
		{DE7B4B09-3CC0-4873-8994-8932BEC0CF3E}.Release|x86.Build.0 = Release|x86
		{3E71CB3D-82D1-403C-B491-E196D4496705}.Debug|Any CPU.ActiveCfg = Debug|Any CPU
		{3E71CB3D-82D1-403C-B491-E196D4496705}.Debug|Any CPU.Build.0 = Debug|Any CPU
		{3E71CB3D-82D1-403C-B491-E196D4496705}.Debug|Mixed Platforms.ActiveCfg = Debug|Any CPU
		{3E71CB3D-82D1-403C-B491-E196D4496705}.Debug|Mixed Platforms.Build.0 = Debug|Any CPU
		{3E71CB3D-82D1-403C-B491-E196D4496705}.Debug|x86.ActiveCfg = Debug|Any CPU
		{3E71CB3D-82D1-403C-B491-E196D4496705}.Release|Any CPU.ActiveCfg = Release|Any CPU
		{3E71CB3D-82D1-403C-B491-E196D4496705}.Release|Any CPU.Build.0 = Release|Any CPU
		{3E71CB3D-82D1-403C-B491-E196D4496705}.Release|Mixed Platforms.ActiveCfg = Release|Any CPU
		{3E71CB3D-82D1-403C-B491-E196D4496705}.Release|Mixed Platforms.Build.0 = Release|Any CPU
		{3E71CB3D-82D1-403C-B491-E196D4496705}.Release|x86.ActiveCfg = Release|Any CPU
		{E1B6491B-49EA-47A8-B7EF-2ED9EF08E432}.Debug|Any CPU.ActiveCfg = Debug|Any CPU
		{E1B6491B-49EA-47A8-B7EF-2ED9EF08E432}.Debug|Any CPU.Build.0 = Debug|Any CPU
		{E1B6491B-49EA-47A8-B7EF-2ED9EF08E432}.Debug|Mixed Platforms.ActiveCfg = Debug|Any CPU
		{E1B6491B-49EA-47A8-B7EF-2ED9EF08E432}.Debug|Mixed Platforms.Build.0 = Debug|Any CPU
		{E1B6491B-49EA-47A8-B7EF-2ED9EF08E432}.Debug|x86.ActiveCfg = Debug|Any CPU
		{E1B6491B-49EA-47A8-B7EF-2ED9EF08E432}.Release|Any CPU.ActiveCfg = Release|Any CPU
		{E1B6491B-49EA-47A8-B7EF-2ED9EF08E432}.Release|Any CPU.Build.0 = Release|Any CPU
		{E1B6491B-49EA-47A8-B7EF-2ED9EF08E432}.Release|Mixed Platforms.ActiveCfg = Release|Any CPU
		{E1B6491B-49EA-47A8-B7EF-2ED9EF08E432}.Release|Mixed Platforms.Build.0 = Release|Any CPU
		{E1B6491B-49EA-47A8-B7EF-2ED9EF08E432}.Release|x86.ActiveCfg = Release|Any CPU
	EndGlobalSection
	GlobalSection(SolutionProperties) = preSolution
		HideSolutionNode = FALSE
	EndGlobalSection
EndGlobal
